
Microsoft Visual Studio Solution File, Format Version 12.00
# Visual Studio 15
Project("{FAE04EC0-301F-11D3-BF4B-00C04F79EFBC}") = "Auto_Chess_helper", "Assembly-CSharp.csproj", "{AC93885C-08C2-072D-50AD-D08FDBF6CF55}"
EndProject
Global
	GlobalSection(SolutionConfigurationPlatforms) = preSolution
		Debug|Any CPU = Debug|Any CPU
		Release|Any CPU = Release|Any CPU
	EndGlobalSection
	GlobalSection(ProjectConfigurationPlatforms) = postSolution
		{AC93885C-08C2-072D-50AD-D08FDBF6CF55}.Debug|Any CPU.ActiveCfg = Debug|Any CPU
		{AC93885C-08C2-072D-50AD-D08FDBF6CF55}.Debug|Any CPU.Build.0 = Debug|Any CPU
		{AC93885C-08C2-072D-50AD-D08FDBF6CF55}.Release|Any CPU.ActiveCfg = Release|Any CPU
		{AC93885C-08C2-072D-50AD-D08FDBF6CF55}.Release|Any CPU.Build.0 = Release|Any CPU
	EndGlobalSection
	GlobalSection(SolutionProperties) = preSolution
		HideSolutionNode = FALSE
	EndGlobalSection
EndGlobal
